
Microsoft Visual Studio Solution File, Format Version 12.00
# Visual Studio Version 16
VisualStudioVersion = 16.0.31424.327
MinimumVisualStudioVersion = 10.0.40219.1
Project("{FAE04EC0-301F-11D3-BF4B-00C04F79EFBC}") = "ADOActivity_5DAL", "ADOActivity_5DAL\ADOActivity_5DAL.csproj", "{4C087336-A3B9-4765-AAA6-F79A8E5EF88A}"
EndProject
Project("{FAE04EC0-301F-11D3-BF4B-00C04F79EFBC}") = "ADOActivity_5UI", "ADOActivity_5UI\ADOActivity_5UI.csproj", "{5B3E3711-D34E-49AE-BA64-AAFEDFE6BBBE}"
EndProject
Global
	GlobalSection(SolutionConfigurationPlatforms) = preSolution
		Debug|Any CPU = Debug|Any CPU
		Release|Any CPU = Release|Any CPU
	EndGlobalSection
	GlobalSection(ProjectConfigurationPlatforms) = postSolution
		{4C087336-A3B9-4765-AAA6-F79A8E5EF88A}.Debug|Any CPU.ActiveCfg = Debug|Any CPU
		{4C087336-A3B9-4765-AAA6-F79A8E5EF88A}.Debug|Any CPU.Build.0 = Debug|Any CPU
		{4C087336-A3B9-4765-AAA6-F79A8E5EF88A}.Release|Any CPU.ActiveCfg = Release|Any CPU
		{4C087336-A3B9-4765-AAA6-F79A8E5EF88A}.Release|Any CPU.Build.0 = Release|Any CPU
		{5B3E3711-D34E-49AE-BA64-AAFEDFE6BBBE}.Debug|Any CPU.ActiveCfg = Debug|Any CPU
		{5B3E3711-D34E-49AE-BA64-AAFEDFE6BBBE}.Debug|Any CPU.Build.0 = Debug|Any CPU
		{5B3E3711-D34E-49AE-BA64-AAFEDFE6BBBE}.Release|Any CPU.ActiveCfg = Release|Any CPU
		{5B3E3711-D34E-49AE-BA64-AAFEDFE6BBBE}.Release|Any CPU.Build.0 = Release|Any CPU
	EndGlobalSection
	GlobalSection(SolutionProperties) = preSolution
		HideSolutionNode = FALSE
	EndGlobalSection
	GlobalSection(ExtensibilityGlobals) = postSolution
		SolutionGuid = {30D4AF63-6155-49F0-9546-1FF228279353}
	EndGlobalSection
EndGlobal
